// !$*UTF8*$!
{
	archiveVersion = 1;
	classes = {
	};
	objectVersion = 45;
	objects = {

/* Begin PBXBuildFile section */
		BF1CDAAA0F3D641F0020001F /* buffer.cpp in Sources */ = {isa = PBXBuildFile; fileRef = BF1CDAA50F3D641F0020001F /* buffer.cpp */; };
		BF1CDAAB0F3D641F0020001F /* buffered_connection.cpp in Sources */ = {isa = PBXBuildFile; fileRef = BF1CDAA70F3D641F0020001F /* buffered_connection.cpp */; };
		BF1CDAB20F3D67D50020001F /* chat_handler.cpp in Sources */ = {isa = PBXBuildFile; fileRef = BF1CDAAC0F3D67D50020001F /* chat_handler.cpp */; };
		BF1CDAB30F3D67D50020001F /* connection_finder.cpp in Sources */ = {isa = PBXBuildFile; fileRef = BF1CDAAE0F3D67D50020001F /* connection_finder.cpp */; };
		BF1CDAB40F3D67D50020001F /* listen_handler.cpp in Sources */ = {isa = PBXBuildFile; fileRef = BF1CDAB00F3D67D50020001F /* listen_handler.cpp */; };
		BF5423150F3BCA5C00B5E5BE /* cloudbridge.cpp in Sources */ = {isa = PBXBuildFile; fileRef = BF5423120F3BCA5C00B5E5BE /* cloudbridge.cpp */; };
/* End PBXBuildFile section */

/* Begin PBXCopyFilesBuildPhase section */
		8DD76F690486A84900D96B5E /* CopyFiles */ = {
			isa = PBXCopyFilesBuildPhase;
			buildActionMask = 8;
			dstPath = /usr/share/man/man1/;
			dstSubfolderSpec = 0;
			files = (
			);
			runOnlyForDeploymentPostprocessing = 1;
		};
/* End PBXCopyFilesBuildPhase section */

/* Begin PBXFileReference section */
		8DD76F6C0486A84900D96B5E /* cloudbridge-xc */ = {isa = PBXFileReference; explicitFileType = "compiled.mach-o.executable"; includeInIndex = 0; path = "cloudbridge-xc"; sourceTree = BUILT_PRODUCTS_DIR; };
		BF1CDAA50F3D641F0020001F /* buffer.cpp */ = {isa = PBXFileReference; fileEncoding = 4; lastKnownFileType = sourcecode.cpp.cpp; name = buffer.cpp; path = evx/buffer.cpp; sourceTree = "<group>"; };
		BF1CDAA60F3D641F0020001F /* buffer.hpp */ = {isa = PBXFileReference; fileEncoding = 4; lastKnownFileType = sourcecode.cpp.h; name = buffer.hpp; path = evx/buffer.hpp; sourceTree = "<group>"; };
		BF1CDAA70F3D641F0020001F /* buffered_connection.cpp */ = {isa = PBXFileReference; fileEncoding = 4; lastKnownFileType = sourcecode.cpp.cpp; name = buffered_connection.cpp; path = evx/buffered_connection.cpp; sourceTree = "<group>"; };
		BF1CDAA80F3D641F0020001F /* buffered_connection.hpp */ = {isa = PBXFileReference; fileEncoding = 4; lastKnownFileType = sourcecode.cpp.h; name = buffered_connection.hpp; path = evx/buffered_connection.hpp; sourceTree = "<group>"; };
		BF1CDAA90F3D641F0020001F /* evx.hpp */ = {isa = PBXFileReference; fileEncoding = 4; lastKnownFileType = sourcecode.cpp.h; name = evx.hpp; path = evx/evx.hpp; sourceTree = "<group>"; };
		BF1CDAAC0F3D67D50020001F /* chat_handler.cpp */ = {isa = PBXFileReference; fileEncoding = 4; lastKnownFileType = sourcecode.cpp.cpp; path = chat_handler.cpp; sourceTree = "<group>"; };
		BF1CDAAD0F3D67D50020001F /* chat_handler.hpp */ = {isa = PBXFileReference; fileEncoding = 4; lastKnownFileType = sourcecode.cpp.h; path = chat_handler.hpp; sourceTree = "<group>"; };
		BF1CDAAE0F3D67D50020001F /* connection_finder.cpp */ = {isa = PBXFileReference; fileEncoding = 4; lastKnownFileType = sourcecode.cpp.cpp; path = connection_finder.cpp; sourceTree = "<group>"; };
		BF1CDAAF0F3D67D50020001F /* connection_finder.hpp */ = {isa = PBXFileReference; fileEncoding = 4; lastKnownFileType = sourcecode.cpp.h; path = connection_finder.hpp; sourceTree = "<group>"; };
		BF1CDAB00F3D67D50020001F /* listen_handler.cpp */ = {isa = PBXFileReference; fileEncoding = 4; lastKnownFileType = sourcecode.cpp.cpp; path = listen_handler.cpp; sourceTree = "<group>"; };
		BF1CDAB10F3D67D50020001F /* listen_handler.hpp */ = {isa = PBXFileReference; fileEncoding = 4; lastKnownFileType = sourcecode.cpp.h; path = listen_handler.hpp; sourceTree = "<group>"; };
		BF5423120F3BCA5C00B5E5BE /* cloudbridge.cpp */ = {isa = PBXFileReference; fileEncoding = 4; lastKnownFileType = sourcecode.cpp.cpp; path = cloudbridge.cpp; sourceTree = "<group>"; };
/* End PBXFileReference section */

/* Begin PBXFrameworksBuildPhase section */
		8DD76F660486A84900D96B5E /* Frameworks */ = {
			isa = PBXFrameworksBuildPhase;
			buildActionMask = 2147483647;
			files = (
			);
			runOnlyForDeploymentPostprocessing = 0;
		};
/* End PBXFrameworksBuildPhase section */

/* Begin PBXGroup section */
		08FB7794FE84155DC02AAC07 /* cloudbridge-xc */ = {
			isa = PBXGroup;
			children = (
				08FB7795FE84155DC02AAC07 /* Source */,
				C6859E8C029090F304C91782 /* Documentation */,
				1AB674ADFE9D54B511CA2CBB /* Products */,
			);
			name = "cloudbridge-xc";
			sourceTree = "<group>";
		};
		08FB7795FE84155DC02AAC07 /* Source */ = {
			isa = PBXGroup;
			children = (
				BF1CDAAC0F3D67D50020001F /* chat_handler.cpp */,
				BF1CDAAD0F3D67D50020001F /* chat_handler.hpp */,
				BF1CDAAE0F3D67D50020001F /* connection_finder.cpp */,
				BF1CDAAF0F3D67D50020001F /* connection_finder.hpp */,
				BF1CDAB00F3D67D50020001F /* listen_handler.cpp */,
				BF1CDAB10F3D67D50020001F /* listen_handler.hpp */,
				BF1CDAA50F3D641F0020001F /* buffer.cpp */,
				BF1CDAA60F3D641F0020001F /* buffer.hpp */,
				BF1CDAA70F3D641F0020001F /* buffered_connection.cpp */,
				BF1CDAA80F3D641F0020001F /* buffered_connection.hpp */,
				BF1CDAA90F3D641F0020001F /* evx.hpp */,
				BF5423120F3BCA5C00B5E5BE /* cloudbridge.cpp */,
			);
			name = Source;
			sourceTree = "<group>";
		};
		1AB674ADFE9D54B511CA2CBB /* Products */ = {
			isa = PBXGroup;
			children = (
				8DD76F6C0486A84900D96B5E /* cloudbridge-xc */,
			);
			name = Products;
			sourceTree = "<group>";
		};
		C6859E8C029090F304C91782 /* Documentation */ = {
			isa = PBXGroup;
			children = (
			);
			name = Documentation;
			sourceTree = "<group>";
		};
/* End PBXGroup section */

/* Begin PBXNativeTarget section */
		8DD76F620486A84900D96B5E /* cloudbridge-xc */ = {
			isa = PBXNativeTarget;
			buildConfigurationList = 1DEB923108733DC60010E9CD /* Build configuration list for PBXNativeTarget "cloudbridge-xc" */;
			buildPhases = (
				8DD76F640486A84900D96B5E /* Sources */,
				8DD76F660486A84900D96B5E /* Frameworks */,
				8DD76F690486A84900D96B5E /* CopyFiles */,
			);
			buildRules = (
			);
			dependencies = (
			);
			name = "cloudbridge-xc";
			productInstallPath = "$(HOME)/bin";
			productName = "cloudbridge-xc";
			productReference = 8DD76F6C0486A84900D96B5E /* cloudbridge-xc */;
			productType = "com.apple.product-type.tool";
		};
/* End PBXNativeTarget section */

/* Begin PBXProject section */
		08FB7793FE84155DC02AAC07 /* Project object */ = {
			isa = PBXProject;
			buildConfigurationList = 1DEB923508733DC60010E9CD /* Build configuration list for PBXProject "cloudbridge-xc" */;
			compatibilityVersion = "Xcode 3.1";
			hasScannedForEncodings = 1;
			mainGroup = 08FB7794FE84155DC02AAC07 /* cloudbridge-xc */;
			projectDirPath = "";
			projectRoot = "";
			targets = (
				8DD76F620486A84900D96B5E /* cloudbridge-xc */,
			);
		};
/* End PBXProject section */

/* Begin PBXSourcesBuildPhase section */
		8DD76F640486A84900D96B5E /* Sources */ = {
			isa = PBXSourcesBuildPhase;
			buildActionMask = 2147483647;
			files = (
				BF5423150F3BCA5C00B5E5BE /* cloudbridge.cpp in Sources */,
				BF1CDAAA0F3D641F0020001F /* buffer.cpp in Sources */,
				BF1CDAAB0F3D641F0020001F /* buffered_connection.cpp in Sources */,
				BF1CDAB20F3D67D50020001F /* chat_handler.cpp in Sources */,
				BF1CDAB30F3D67D50020001F /* connection_finder.cpp in Sources */,
				BF1CDAB40F3D67D50020001F /* listen_handler.cpp in Sources */,
			);
			runOnlyForDeploymentPostprocessing = 0;
		};
/* End PBXSourcesBuildPhase section */

/* Begin XCBuildConfiguration section */
		1DEB923208733DC60010E9CD /* Debug */ = {
			isa = XCBuildConfiguration;
			buildSettings = {
				ALWAYS_SEARCH_USER_PATHS = NO;
				COPY_PHASE_STRIP = NO;
				GCC_DYNAMIC_NO_PIC = NO;
				GCC_ENABLE_FIX_AND_CONTINUE = YES;
				GCC_MODEL_TUNING = G5;
				GCC_OPTIMIZATION_LEVEL = 0;
				GCC_PREPROCESSOR_DEFINITIONS = (
					"_GLIBCXX_DEBUG=1",
					"_GLIBCXX_DEBUG_PEDANTIC=1",
				);
				INSTALL_PATH = /usr/local/bin;
				PRODUCT_NAME = "cloudbridge-xc";
			};
			name = Debug;
		};
		1DEB923308733DC60010E9CD /* Release */ = {
			isa = XCBuildConfiguration;
			buildSettings = {
				ALWAYS_SEARCH_USER_PATHS = NO;
				DEBUG_INFORMATION_FORMAT = "dwarf-with-dsym";
				GCC_MODEL_TUNING = G5;
				INSTALL_PATH = /usr/local/bin;
				PRODUCT_NAME = "cloudbridge-xc";
			};
			name = Release;
		};
		1DEB923608733DC60010E9CD /* Debug */ = {
			isa = XCBuildConfiguration;
			buildSettings = {
				ARCHS = "$(ARCHS_STANDARD_32_BIT)";
				GCC_C_LANGUAGE_STANDARD = c99;
				GCC_OPTIMIZATION_LEVEL = 0;
				GCC_WARN_ABOUT_RETURN_TYPE = YES;
				GCC_WARN_UNUSED_VARIABLE = YES;
				HEADER_SEARCH_PATHS = /opt/local/include;
				LIBRARY_SEARCH_PATHS = /opt/local/lib;
				ONLY_ACTIVE_ARCH = YES;
				OTHER_LDFLAGS = "-lev";
				PREBINDING = NO;
				SDKROOT = macosx10.5;
			};
			name = Debug;
		};
		1DEB923708733DC60010E9CD /* Release */ = {
			isa = XCBuildConfiguration;
			buildSettings = {
				ARCHS = "$(ARCHS_STANDARD_32_BIT)";
				GCC_C_LANGUAGE_STANDARD = c99;
				GCC_WARN_ABOUT_RETURN_TYPE = YES;
				GCC_WARN_UNUSED_VARIABLE = YES;
				PREBINDING = NO;
				SDKROOT = macosx10.5;
			};
			name = Release;
		};
/* End XCBuildConfiguration section */

/* Begin XCConfigurationList section */
		1DEB923108733DC60010E9CD /* Build configuration list for PBXNativeTarget "cloudbridge-xc" */ = {
			isa = XCConfigurationList;
			buildConfigurations = (
				1DEB923208733DC60010E9CD /* Debug */,
				1DEB923308733DC60010E9CD /* Release */,
			);
			defaultConfigurationIsVisible = 0;
			defaultConfigurationName = Release;
		};
		1DEB923508733DC60010E9CD /* Build configuration list for PBXProject "cloudbridge-xc" */ = {
			isa = XCConfigurationList;
			buildConfigurations = (
				1DEB923608733DC60010E9CD /* Debug */,
				1DEB923708733DC60010E9CD /* Release */,
			);
			defaultConfigurationIsVisible = 0;
			defaultConfigurationName = Release;
		};
/* End XCConfigurationList section */
	};
	rootObject = 08FB7793FE84155DC02AAC07 /* Project object */;
}
